
Microsoft Visual Studio Solution File, Format Version 12.00
# Visual Studio Version 17
VisualStudioVersion = 17.8.34004.107
MinimumVisualStudioVersion = 10.0.40219.1
Project("{9A19103F-16F7-4668-BE54-9A1E7A4F7556}") = "SwingTrader9000.Cmd", "Source\SwingTrader9000.Cmd\SwingTrader9000.Cmd.csproj", "{CF58AF83-C147-4A99-880F-33EC36515FFF}"
EndProject
Project("{9A19103F-16F7-4668-BE54-9A1E7A4F7556}") = "CryptoProvider.KuCoin", "Source\CryptoProvider.KuCoin\CryptoProvider.KuCoin.csproj", "{2CD4BE48-A4F0-4C51-ADC8-0429011BC441}"
EndProject
Project("{9A19103F-16F7-4668-BE54-9A1E7A4F7556}") = "CryptoProvider.Contracts", "Source\CryptoProvider.Contracts\CryptoProvider.Contracts.csproj", "{3F7AE411-7299-4D79-AD0E-E72DBC49C4B4}"
EndProject
Project("{9A19103F-16F7-4668-BE54-9A1E7A4F7556}") = "DependencyInjection.Common", "Source\DependencyInjection.Common\DependencyInjection.Common.csproj", "{1FA4DF5D-51C8-4DF2-B925-4D0D77B87DEF}"
EndProject
Project("{2150E333-8FDC-42A3-9474-1A3956D46DE8}") = "Providers", "Providers", "{FC99F6B3-DE49-4554-87A6-2E56C136793C}"
EndProject
Project("{2150E333-8FDC-42A3-9474-1A3956D46DE8}") = "Utilities", "Utilities", "{DFEC9059-0065-4172-82B8-528F7451FD3F}"
EndProject
Project("{2150E333-8FDC-42A3-9474-1A3956D46DE8}") = "Presentation", "Presentation", "{DB92DDA4-6589-4026-A08D-A9975ED919C2}"
EndProject
Project("{2150E333-8FDC-42A3-9474-1A3956D46DE8}") = "Application", "Application", "{89F88B75-2B76-4881-B3FB-3AF80944BF3F}"
EndProject
Project("{9A19103F-16F7-4668-BE54-9A1E7A4F7556}") = "SwingTrader9000.Business", "Source\SwingTrader9000.Business\SwingTrader9000.Business.csproj", "{D9C4D628-A666-431B-8F25-DDC4E0481ED1}"
EndProject
Project("{FAE04EC0-301F-11D3-BF4B-00C04F79EFBC}") = "SwingTrader9000.Contracts", "Source\SwingTrader9000.Contracts\SwingTrader9000.Contracts.csproj", "{9E0651CC-3152-4595-AE68-C5A5AAACDB03}"
EndProject
Global
	GlobalSection(SolutionConfigurationPlatforms) = preSolution
		Debug|Any CPU = Debug|Any CPU
		Release|Any CPU = Release|Any CPU
	EndGlobalSection
	GlobalSection(ProjectConfigurationPlatforms) = postSolution
		{CF58AF83-C147-4A99-880F-33EC36515FFF}.Debug|Any CPU.ActiveCfg = Debug|Any CPU
		{CF58AF83-C147-4A99-880F-33EC36515FFF}.Debug|Any CPU.Build.0 = Debug|Any CPU
		{CF58AF83-C147-4A99-880F-33EC36515FFF}.Release|Any CPU.ActiveCfg = Release|Any CPU
		{CF58AF83-C147-4A99-880F-33EC36515FFF}.Release|Any CPU.Build.0 = Release|Any CPU
		{2CD4BE48-A4F0-4C51-ADC8-0429011BC441}.Debug|Any CPU.ActiveCfg = Debug|Any CPU
		{2CD4BE48-A4F0-4C51-ADC8-0429011BC441}.Debug|Any CPU.Build.0 = Debug|Any CPU
		{2CD4BE48-A4F0-4C51-ADC8-0429011BC441}.Release|Any CPU.ActiveCfg = Release|Any CPU
		{2CD4BE48-A4F0-4C51-ADC8-0429011BC441}.Release|Any CPU.Build.0 = Release|Any CPU
		{3F7AE411-7299-4D79-AD0E-E72DBC49C4B4}.Debug|Any CPU.ActiveCfg = Debug|Any CPU
		{3F7AE411-7299-4D79-AD0E-E72DBC49C4B4}.Debug|Any CPU.Build.0 = Debug|Any CPU
		{3F7AE411-7299-4D79-AD0E-E72DBC49C4B4}.Release|Any CPU.ActiveCfg = Release|Any CPU
		{3F7AE411-7299-4D79-AD0E-E72DBC49C4B4}.Release|Any CPU.Build.0 = Release|Any CPU
		{1FA4DF5D-51C8-4DF2-B925-4D0D77B87DEF}.Debug|Any CPU.ActiveCfg = Debug|Any CPU
		{1FA4DF5D-51C8-4DF2-B925-4D0D77B87DEF}.Debug|Any CPU.Build.0 = Debug|Any CPU
		{1FA4DF5D-51C8-4DF2-B925-4D0D77B87DEF}.Release|Any CPU.ActiveCfg = Release|Any CPU
		{1FA4DF5D-51C8-4DF2-B925-4D0D77B87DEF}.Release|Any CPU.Build.0 = Release|Any CPU
		{D9C4D628-A666-431B-8F25-DDC4E0481ED1}.Debug|Any CPU.ActiveCfg = Debug|Any CPU
		{D9C4D628-A666-431B-8F25-DDC4E0481ED1}.Debug|Any CPU.Build.0 = Debug|Any CPU
		{D9C4D628-A666-431B-8F25-DDC4E0481ED1}.Release|Any CPU.ActiveCfg = Release|Any CPU
		{D9C4D628-A666-431B-8F25-DDC4E0481ED1}.Release|Any CPU.Build.0 = Release|Any CPU
		{9E0651CC-3152-4595-AE68-C5A5AAACDB03}.Debug|Any CPU.ActiveCfg = Debug|Any CPU
		{9E0651CC-3152-4595-AE68-C5A5AAACDB03}.Debug|Any CPU.Build.0 = Debug|Any CPU
		{9E0651CC-3152-4595-AE68-C5A5AAACDB03}.Release|Any CPU.ActiveCfg = Release|Any CPU
		{9E0651CC-3152-4595-AE68-C5A5AAACDB03}.Release|Any CPU.Build.0 = Release|Any CPU
	EndGlobalSection
	GlobalSection(SolutionProperties) = preSolution
		HideSolutionNode = FALSE
	EndGlobalSection
	GlobalSection(NestedProjects) = preSolution
		{CF58AF83-C147-4A99-880F-33EC36515FFF} = {DB92DDA4-6589-4026-A08D-A9975ED919C2}
		{2CD4BE48-A4F0-4C51-ADC8-0429011BC441} = {FC99F6B3-DE49-4554-87A6-2E56C136793C}
		{3F7AE411-7299-4D79-AD0E-E72DBC49C4B4} = {FC99F6B3-DE49-4554-87A6-2E56C136793C}
		{1FA4DF5D-51C8-4DF2-B925-4D0D77B87DEF} = {DFEC9059-0065-4172-82B8-528F7451FD3F}
		{D9C4D628-A666-431B-8F25-DDC4E0481ED1} = {89F88B75-2B76-4881-B3FB-3AF80944BF3F}
		{9E0651CC-3152-4595-AE68-C5A5AAACDB03} = {89F88B75-2B76-4881-B3FB-3AF80944BF3F}
	EndGlobalSection
	GlobalSection(ExtensibilityGlobals) = postSolution
		SolutionGuid = {DDF18FDB-CA55-4D74-94D4-74BD3CBCD410}
	EndGlobalSection
EndGlobal
